
Microsoft Visual Studio Solution File, Format Version 12.00
# Visual Studio Version 17
VisualStudioVersion = 17.3.32922.545
MinimumVisualStudioVersion = 10.0.40219.1
Project("{FAE04EC0-301F-11D3-BF4B-00C04F79EFBC}") = "KR", "KR.csproj", "{0594F4B7-2EA1-4B80-B2A7-D67FAD764917}"
EndProject
Global
	GlobalSection(SolutionConfigurationPlatforms) = preSolution
		Debug|Any CPU = Debug|Any CPU
		Release|Any CPU = Release|Any CPU
	EndGlobalSection
	GlobalSection(ProjectConfigurationPlatforms) = postSolution
		{0594F4B7-2EA1-4B80-B2A7-D67FAD764917}.Debug|Any CPU.ActiveCfg = Debug|Any CPU
		{0594F4B7-2EA1-4B80-B2A7-D67FAD764917}.Debug|Any CPU.Build.0 = Debug|Any CPU
		{0594F4B7-2EA1-4B80-B2A7-D67FAD764917}.Release|Any CPU.ActiveCfg = Release|Any CPU
		{0594F4B7-2EA1-4B80-B2A7-D67FAD764917}.Release|Any CPU.Build.0 = Release|Any CPU
	EndGlobalSection
	GlobalSection(SolutionProperties) = preSolution
		HideSolutionNode = FALSE
	EndGlobalSection
	GlobalSection(ExtensibilityGlobals) = postSolution
		SolutionGuid = {F44C521A-5E37-4C28-97C4-BF4809010DEC}
	EndGlobalSection
EndGlobal
