
Microsoft Visual Studio Solution File, Format Version 12.00
# Visual Studio Version 17
VisualStudioVersion = 17.3.32922.545
MinimumVisualStudioVersion = 10.0.40219.1
Project("{FAE04EC0-301F-11D3-BF4B-00C04F79EFBC}") = "WPF4_5", "WPF4_5.csproj", "{4E528C1C-293D-43D2-8977-C6D1CB9C7139}"
EndProject
Global
	GlobalSection(SolutionConfigurationPlatforms) = preSolution
		Debug|Any CPU = Debug|Any CPU
		Release|Any CPU = Release|Any CPU
	EndGlobalSection
	GlobalSection(ProjectConfigurationPlatforms) = postSolution
		{4E528C1C-293D-43D2-8977-C6D1CB9C7139}.Debug|Any CPU.ActiveCfg = Debug|Any CPU
		{4E528C1C-293D-43D2-8977-C6D1CB9C7139}.Debug|Any CPU.Build.0 = Debug|Any CPU
		{4E528C1C-293D-43D2-8977-C6D1CB9C7139}.Release|Any CPU.ActiveCfg = Release|Any CPU
		{4E528C1C-293D-43D2-8977-C6D1CB9C7139}.Release|Any CPU.Build.0 = Release|Any CPU
	EndGlobalSection
	GlobalSection(SolutionProperties) = preSolution
		HideSolutionNode = FALSE
	EndGlobalSection
	GlobalSection(ExtensibilityGlobals) = postSolution
		SolutionGuid = {D6C10507-FC30-4343-8390-366D0A66DF8D}
	EndGlobalSection
EndGlobal
