
Microsoft Visual Studio Solution File, Format Version 12.00
# Visual Studio Version 17
VisualStudioVersion = 17.3.32922.545
MinimumVisualStudioVersion = 10.0.40219.1
Project("{FAE04EC0-301F-11D3-BF4B-00C04F79EFBC}") = "LR4_5", "LR4_5.csproj", "{57747165-CB17-40FE-BC64-2C959E29CC13}"
EndProject
Global
	GlobalSection(SolutionConfigurationPlatforms) = preSolution
		Debug|Any CPU = Debug|Any CPU
		Release|Any CPU = Release|Any CPU
	EndGlobalSection
	GlobalSection(ProjectConfigurationPlatforms) = postSolution
		{57747165-CB17-40FE-BC64-2C959E29CC13}.Debug|Any CPU.ActiveCfg = Debug|Any CPU
		{57747165-CB17-40FE-BC64-2C959E29CC13}.Debug|Any CPU.Build.0 = Debug|Any CPU
		{57747165-CB17-40FE-BC64-2C959E29CC13}.Release|Any CPU.ActiveCfg = Release|Any CPU
		{57747165-CB17-40FE-BC64-2C959E29CC13}.Release|Any CPU.Build.0 = Release|Any CPU
	EndGlobalSection
	GlobalSection(SolutionProperties) = preSolution
		HideSolutionNode = FALSE
	EndGlobalSection
	GlobalSection(ExtensibilityGlobals) = postSolution
		SolutionGuid = {886766A9-56DA-4761-8CF7-9EC9EB696C02}
	EndGlobalSection
EndGlobal
