
Microsoft Visual Studio Solution File, Format Version 12.00
# Visual Studio Version 17
VisualStudioVersion = 17.3.32922.545
MinimumVisualStudioVersion = 10.0.40219.1
Project("{FAE04EC0-301F-11D3-BF4B-00C04F79EFBC}") = "WPF8", "WPF8.csproj", "{A1E4A15B-8B78-42FF-96F2-7BEE69995029}"
EndProject
Global
	GlobalSection(SolutionConfigurationPlatforms) = preSolution
		Debug|Any CPU = Debug|Any CPU
		Release|Any CPU = Release|Any CPU
	EndGlobalSection
	GlobalSection(ProjectConfigurationPlatforms) = postSolution
		{A1E4A15B-8B78-42FF-96F2-7BEE69995029}.Debug|Any CPU.ActiveCfg = Debug|Any CPU
		{A1E4A15B-8B78-42FF-96F2-7BEE69995029}.Debug|Any CPU.Build.0 = Debug|Any CPU
		{A1E4A15B-8B78-42FF-96F2-7BEE69995029}.Release|Any CPU.ActiveCfg = Release|Any CPU
		{A1E4A15B-8B78-42FF-96F2-7BEE69995029}.Release|Any CPU.Build.0 = Release|Any CPU
	EndGlobalSection
	GlobalSection(SolutionProperties) = preSolution
		HideSolutionNode = FALSE
	EndGlobalSection
	GlobalSection(ExtensibilityGlobals) = postSolution
		SolutionGuid = {D3F8E9FD-ED0D-4DE2-BD35-04FFE6353100}
	EndGlobalSection
EndGlobal
