
Microsoft Visual Studio Solution File, Format Version 12.00
# Visual Studio Version 16
VisualStudioVersion = 16.0.32901.82
MinimumVisualStudioVersion = 10.0.40219.1
Project("{FAE04EC0-301F-11D3-BF4B-00C04F79EFBC}") = "Lab3", "Lab3.csproj", "{D64BC276-84E6-4E03-A295-3B7CE0D8DCA8}"
EndProject
Global
	GlobalSection(SolutionConfigurationPlatforms) = preSolution
		Debug|Any CPU = Debug|Any CPU
		Release|Any CPU = Release|Any CPU
	EndGlobalSection
	GlobalSection(ProjectConfigurationPlatforms) = postSolution
		{D64BC276-84E6-4E03-A295-3B7CE0D8DCA8}.Debug|Any CPU.ActiveCfg = Debug|Any CPU
		{D64BC276-84E6-4E03-A295-3B7CE0D8DCA8}.Debug|Any CPU.Build.0 = Debug|Any CPU
		{D64BC276-84E6-4E03-A295-3B7CE0D8DCA8}.Release|Any CPU.ActiveCfg = Release|Any CPU
		{D64BC276-84E6-4E03-A295-3B7CE0D8DCA8}.Release|Any CPU.Build.0 = Release|Any CPU
	EndGlobalSection
	GlobalSection(SolutionProperties) = preSolution
		HideSolutionNode = FALSE
	EndGlobalSection
	GlobalSection(ExtensibilityGlobals) = postSolution
		SolutionGuid = {AF48D296-83CC-46AD-BC45-484A1FF7D6D4}
	EndGlobalSection
EndGlobal
