
Microsoft Visual Studio Solution File, Format Version 12.00
# Visual Studio Version 17
VisualStudioVersion = 17.3.32922.545
MinimumVisualStudioVersion = 10.0.40219.1
Project("{FAE04EC0-301F-11D3-BF4B-00C04F79EFBC}") = "KR2", "KR2.csproj", "{0617470E-D3FE-4F45-B75D-96F35ABFDED5}"
EndProject
Global
	GlobalSection(SolutionConfigurationPlatforms) = preSolution
		Debug|Any CPU = Debug|Any CPU
		Release|Any CPU = Release|Any CPU
	EndGlobalSection
	GlobalSection(ProjectConfigurationPlatforms) = postSolution
		{0617470E-D3FE-4F45-B75D-96F35ABFDED5}.Debug|Any CPU.ActiveCfg = Debug|Any CPU
		{0617470E-D3FE-4F45-B75D-96F35ABFDED5}.Debug|Any CPU.Build.0 = Debug|Any CPU
		{0617470E-D3FE-4F45-B75D-96F35ABFDED5}.Release|Any CPU.ActiveCfg = Release|Any CPU
		{0617470E-D3FE-4F45-B75D-96F35ABFDED5}.Release|Any CPU.Build.0 = Release|Any CPU
	EndGlobalSection
	GlobalSection(SolutionProperties) = preSolution
		HideSolutionNode = FALSE
	EndGlobalSection
	GlobalSection(ExtensibilityGlobals) = postSolution
		SolutionGuid = {645ABC8E-A3D5-4646-920D-3ED269BC3A66}
	EndGlobalSection
EndGlobal
